{
  "lockfileVersion": 1,
  "workspaces": {
    "": {
      "name": "react-pixel-motion",
      "dependencies": {
        "oxc-transform": "^0.58.1",
        "react": "^19.0.0",
        "react-dom": "^19.0.0",
      },
      "devDependencies": {
        "@types/bun": "latest",
        "@types/react": "^19.0.10",
        "@types/react-dom": "^19.0.4",
        "bun-plugin-dts": "^0.3.0",
      },
      "peerDependencies": {
        "typescript": "^5.0.0",
      },
    },
  },
  "packages": {
    "@emnapi/core": ["@emnapi/core@1.3.1", "", { "dependencies": { "@emnapi/wasi-threads": "1.0.1", "tslib": "^2.4.0" } }, "sha512-pVGjBIt1Y6gg3EJN8jTcfpP/+uuRksIo055oE/OBkDNcjZqVbfkWCksG1Jp4yZnj3iKWyWX8fdG/j6UDYPbFog=="],

    "@emnapi/runtime": ["@emnapi/runtime@1.3.1", "", { "dependencies": { "tslib": "^2.4.0" } }, "sha512-kEBmG8KyqtxJZv+ygbEim+KCGtIq1fC22Ms3S4ziXmYKm8uyoLX0MHONVKwp+9opg390VaKRNt4a7A9NwmpNhw=="],

    "@emnapi/wasi-threads": ["@emnapi/wasi-threads@1.0.1", "", { "dependencies": { "tslib": "^2.4.0" } }, "sha512-iIBu7mwkq4UQGeMEM8bLwNK962nXdhodeScX4slfQnRhEMMzvYivHhutCIk8uojvmASXXPC2WNEjwxFWk72Oqw=="],

    "@napi-rs/wasm-runtime": ["@napi-rs/wasm-runtime@0.2.7", "", { "dependencies": { "@emnapi/core": "^1.3.1", "@emnapi/runtime": "^1.3.1", "@tybys/wasm-util": "^0.9.0" } }, "sha512-5yximcFK5FNompXfJFoWanu5l8v1hNGqNHh9du1xETp9HWk/B/PzvchX55WYOPaIeNglG8++68AAiauBAtbnzw=="],

    "@oxc-transform/binding-darwin-arm64": ["@oxc-transform/binding-darwin-arm64@0.58.1", "", { "os": "darwin", "cpu": "arm64" }, "sha512-iOTmbTaYMrx61Vxh9uvl9PGileR/d98NuaESOVB5FFrN4rcqFs5rGLiRqQm8T87GCCGXyfP3S44glprVS3s/0A=="],

    "@oxc-transform/binding-darwin-x64": ["@oxc-transform/binding-darwin-x64@0.58.1", "", { "os": "darwin", "cpu": "x64" }, "sha512-NdsVLQTw8FJe0Bb0i6Nj7Rtem+vo3ABnHcn08wA8l9mDMZKlrIHWwH6HY9g8P4qvE1jJ1HA/IkqtPU5PQfgv0A=="],

    "@oxc-transform/binding-linux-arm-gnueabihf": ["@oxc-transform/binding-linux-arm-gnueabihf@0.58.1", "", { "os": "linux", "cpu": "arm" }, "sha512-BxL5IBfid1Xp+bSEgELAvq+e/Zfd60tV/0nSaTwXgEAnAvOU8abrAPuiXpciZKNBGZ8R6W2Iy/yDUeiF/IBFiA=="],

    "@oxc-transform/binding-linux-arm64-gnu": ["@oxc-transform/binding-linux-arm64-gnu@0.58.1", "", { "os": "linux", "cpu": "arm64" }, "sha512-HwA3Gsitz/LL+DkPgpHAc6sANTSnInmlq76MV3zf0tw5iMs9kLiQ2W61dM+D9NNwfHvrY3O0uyLR965R/vW11A=="],

    "@oxc-transform/binding-linux-arm64-musl": ["@oxc-transform/binding-linux-arm64-musl@0.58.1", "", { "os": "linux", "cpu": "arm64" }, "sha512-wUkArdXty35Yzl2qc9ECoFOujzMj/XZ0HEZoSAhdw/NkS4CjowNgV06tUvUesmwG3NV8p37hJdT+M7r3u+zH8Q=="],

    "@oxc-transform/binding-linux-x64-gnu": ["@oxc-transform/binding-linux-x64-gnu@0.58.1", "", { "os": "linux", "cpu": "x64" }, "sha512-ED/4ZLRP59TOFsfJ60LEFa7RWKVm8aC+L/0IwDtckNlixk06jy4YyH56RGifJPd6Li2sTaLE0VOVgkJ2cgWEig=="],

    "@oxc-transform/binding-linux-x64-musl": ["@oxc-transform/binding-linux-x64-musl@0.58.1", "", { "os": "linux", "cpu": "x64" }, "sha512-xdlYvnkxe8QL7oWsmir4bZNNwPWMKy8twCLB5UG5rM4/COOhl3APuW1oRDFghhF/0kJHaCYT0KdVtOchFKIHAg=="],

    "@oxc-transform/binding-wasm32-wasi": ["@oxc-transform/binding-wasm32-wasi@0.58.1", "", { "dependencies": { "@napi-rs/wasm-runtime": "^0.2.7" }, "cpu": "none" }, "sha512-rD+riAK0v3MHIFyUo6+xqDEOi/MHVknNaJxWeWuyahn+ZGQC3jBOG0dGVq3x+px8DBqvlfihiDs3tkIDnc6BJQ=="],

    "@oxc-transform/binding-win32-arm64-msvc": ["@oxc-transform/binding-win32-arm64-msvc@0.58.1", "", { "os": "win32", "cpu": "arm64" }, "sha512-jrCOvmabG9TVV/OvO7M3WSXkBX4aZ8RjOwsZEWcMiKeybmUr8E8XHx0YdwzL1M8MSKpdctoHPv1nz3SqM7uo6Q=="],

    "@oxc-transform/binding-win32-x64-msvc": ["@oxc-transform/binding-win32-x64-msvc@0.58.1", "", { "os": "win32", "cpu": "x64" }, "sha512-612E4VNg9wK5cpGjaHjdW+aD3b1w80lps6rsFEsWejGB5nF5OkXS8uZxS1iQE/16JUoFNUcH+3yyqQP7ljdOuA=="],

    "@tybys/wasm-util": ["@tybys/wasm-util@0.9.0", "", { "dependencies": { "tslib": "^2.4.0" } }, "sha512-6+7nlbMVX/PVDCwaIQ8nTOPveOcFLSt8GcXdx8hD0bt39uWxYT88uXzqTd4fTvqta7oeUJqudepapKNt2DYJFw=="],

    "@types/bun": ["@types/bun@1.2.5", "", { "dependencies": { "bun-types": "1.2.5" } }, "sha512-w2OZTzrZTVtbnJew1pdFmgV99H0/L+Pvw+z1P67HaR18MHOzYnTYOi6qzErhK8HyT+DB782ADVPPE92Xu2/Opg=="],

    "@types/node": ["@types/node@22.13.10", "", { "dependencies": { "undici-types": "~6.20.0" } }, "sha512-I6LPUvlRH+O6VRUqYOcMudhaIdUVWfsjnZavnsraHvpBwaEyMN29ry+0UVJhImYL16xsscu0aske3yA+uPOWfw=="],

    "@types/react": ["@types/react@19.0.10", "", { "dependencies": { "csstype": "^3.0.2" } }, "sha512-JuRQ9KXLEjaUNjTWpzuR231Z2WpIwczOkBEIvbHNCzQefFIT0L8IqE6NV6ULLyC1SI/i234JnDoMkfg+RjQj2g=="],

    "@types/react-dom": ["@types/react-dom@19.0.4", "", { "peerDependencies": { "@types/react": "^19.0.0" } }, "sha512-4fSQ8vWFkg+TGhePfUzVmat3eC14TXYSsiiDSLI0dVLsrm9gZFABjPy/Qu6TKgl1tq1Bu1yDsuQgY3A3DOjCcg=="],

    "@types/ws": ["@types/ws@8.5.14", "", { "dependencies": { "@types/node": "*" } }, "sha512-bd/YFLW+URhBzMXurx7lWByOu+xzU9+kb3RboOteXYDfW+tr+JZa99OyNmPINEGB/ahzKrEuc8rcv4gnpJmxTw=="],

    "ansi-regex": ["ansi-regex@5.0.1", "", {}, "sha512-quJQXlTSUGL2LH9SUXo8VwsY4soanhgo6LNSm84E1LBcE8s3O0wpdiRzyR9z/ZZJMlMWv37qOOb9pdJlMUEKFQ=="],

    "ansi-styles": ["ansi-styles@4.3.0", "", { "dependencies": { "color-convert": "^2.0.1" } }, "sha512-zbB9rCJAT1rbjiVDb2hqKFHNYLxgtk8NURxZ3IZwD3F6NtxbXZQCnnSi1Lkx+IDohdPlFp222wVALIheZJQSEg=="],

    "bun-plugin-dts": ["bun-plugin-dts@0.3.0", "", { "dependencies": { "common-path-prefix": "^3.0.0", "dts-bundle-generator": "^9.5.1", "get-tsconfig": "^4.8.1" } }, "sha512-QpiAOKfPcdOToxySOqRY8FwL+brTvyXEHWzrSCRKt4Pv7Z4pnUrhK9tFtM7Ndm7ED09B/0cGXnHJKqmekr/ERw=="],

    "bun-types": ["bun-types@1.2.5", "", { "dependencies": { "@types/node": "*", "@types/ws": "~8.5.10" } }, "sha512-3oO6LVGGRRKI4kHINx5PIdIgnLRb7l/SprhzqXapmoYkFl5m4j6EvALvbDVuuBFaamB46Ap6HCUxIXNLCGy+tg=="],

    "cliui": ["cliui@8.0.1", "", { "dependencies": { "string-width": "^4.2.0", "strip-ansi": "^6.0.1", "wrap-ansi": "^7.0.0" } }, "sha512-BSeNnyus75C4//NQ9gQt1/csTXyo/8Sb+afLAkzAptFuMsod9HFokGNudZpi/oQV73hnVK+sR+5PVRMd+Dr7YQ=="],

    "color-convert": ["color-convert@2.0.1", "", { "dependencies": { "color-name": "~1.1.4" } }, "sha512-RRECPsj7iu/xb5oKYcsFHSppFNnsj/52OVTRKb4zP5onXwVF3zVmmToNcOfGC+CRDpfK/U584fMg38ZHCaElKQ=="],

    "color-name": ["color-name@1.1.4", "", {}, "sha512-dOy+3AuW3a2wNbZHIuMZpTcgjGuLU/uBL/ubcZF9OXbDo8ff4O8yVp5Bf0efS8uEoYo5q4Fx7dY9OgQGXgAsQA=="],

    "common-path-prefix": ["common-path-prefix@3.0.0", "", {}, "sha512-QE33hToZseCH3jS0qN96O/bSh3kaw/h+Tq7ngyY9eWDUnTlTNUyqfqvCXioLe5Na5jFsL78ra/wuBU4iuEgd4w=="],

    "csstype": ["csstype@3.1.3", "", {}, "sha512-M1uQkMl8rQK/szD0LNhtqxIPLpimGm8sOBwU7lLnCpSbTyY3yeU1Vc7l4KT5zT4s/yOxHH5O7tIuuLOCnLADRw=="],

    "dts-bundle-generator": ["dts-bundle-generator@9.5.1", "", { "dependencies": { "typescript": ">=5.0.2", "yargs": "^17.6.0" }, "bin": { "dts-bundle-generator": "dist/bin/dts-bundle-generator.js" } }, "sha512-DxpJOb2FNnEyOzMkG11sxO2dmxPjthoVWxfKqWYJ/bI/rT1rvTMktF5EKjAYrRZu6Z6t3NhOUZ0sZ5ZXevOfbA=="],

    "emoji-regex": ["emoji-regex@8.0.0", "", {}, "sha512-MSjYzcWNOA0ewAHpz0MxpYFvwg6yjy1NG3xteoqz644VCo/RPgnr1/GGt+ic3iJTzQ8Eu3TdM14SawnVUmGE6A=="],

    "escalade": ["escalade@3.2.0", "", {}, "sha512-WUj2qlxaQtO4g6Pq5c29GTcWGDyd8itL8zTlipgECz3JesAiiOKotd8JU6otB3PACgG6xkJUyVhboMS+bje/jA=="],

    "get-caller-file": ["get-caller-file@2.0.5", "", {}, "sha512-DyFP3BM/3YHTQOCUL/w0OZHR0lpKeGrxotcHWcqNEdnltqFwXVfhEBQ94eIo34AfQpo0rGki4cyIiftY06h2Fg=="],

    "get-tsconfig": ["get-tsconfig@4.10.0", "", { "dependencies": { "resolve-pkg-maps": "^1.0.0" } }, "sha512-kGzZ3LWWQcGIAmg6iWvXn0ei6WDtV26wzHRMwDSzmAbcXrTEXxHy6IehI6/4eT6VRKyMP1eF1VqwrVUmE/LR7A=="],

    "is-fullwidth-code-point": ["is-fullwidth-code-point@3.0.0", "", {}, "sha512-zymm5+u+sCsSWyD9qNaejV3DFvhCKclKdizYaJUuHA83RLjb7nSuGnddCHGv0hk+KY7BMAlsWeK4Ueg6EV6XQg=="],

    "oxc-transform": ["oxc-transform@0.58.1", "", { "optionalDependencies": { "@oxc-transform/binding-darwin-arm64": "0.58.1", "@oxc-transform/binding-darwin-x64": "0.58.1", "@oxc-transform/binding-linux-arm-gnueabihf": "0.58.1", "@oxc-transform/binding-linux-arm64-gnu": "0.58.1", "@oxc-transform/binding-linux-arm64-musl": "0.58.1", "@oxc-transform/binding-linux-x64-gnu": "0.58.1", "@oxc-transform/binding-linux-x64-musl": "0.58.1", "@oxc-transform/binding-wasm32-wasi": "0.58.1", "@oxc-transform/binding-win32-arm64-msvc": "0.58.1", "@oxc-transform/binding-win32-x64-msvc": "0.58.1" } }, "sha512-xOG65Wi5Zp6MO8W4O3jyffWVhKLzqSgtfCC/W207dRLV4wkHyWuzoCgkiy/PUe1NqhC6SkiM603WspNS0AsOZg=="],

    "react": ["react@19.0.0", "", {}, "sha512-V8AVnmPIICiWpGfm6GLzCR/W5FXLchHop40W4nXBmdlEceh16rCN8O8LNWm5bh5XUX91fh7KpA+W0TgMKmgTpQ=="],

    "react-dom": ["react-dom@19.0.0", "", { "dependencies": { "scheduler": "^0.25.0" }, "peerDependencies": { "react": "^19.0.0" } }, "sha512-4GV5sHFG0e/0AD4X+ySy6UJd3jVl1iNsNHdpad0qhABJ11twS3TTBnseqsKurKcsNqCEFeGL3uLpVChpIO3QfQ=="],

    "require-directory": ["require-directory@2.1.1", "", {}, "sha512-fGxEI7+wsG9xrvdjsrlmL22OMTTiHRwAMroiEeMgq8gzoLC/PQr7RsRDSTLUg/bZAZtF+TVIkHc6/4RIKrui+Q=="],

    "resolve-pkg-maps": ["resolve-pkg-maps@1.0.0", "", {}, "sha512-seS2Tj26TBVOC2NIc2rOe2y2ZO7efxITtLZcGSOnHHNOQ7CkiUBfw0Iw2ck6xkIhPwLhKNLS8BO+hEpngQlqzw=="],

    "scheduler": ["scheduler@0.25.0", "", {}, "sha512-xFVuu11jh+xcO7JOAGJNOXld8/TcEHK/4CituBUeUb5hqxJLj9YuemAEuvm9gQ/+pgXYfbQuqAkiYu+u7YEsNA=="],

    "string-width": ["string-width@4.2.3", "", { "dependencies": { "emoji-regex": "^8.0.0", "is-fullwidth-code-point": "^3.0.0", "strip-ansi": "^6.0.1" } }, "sha512-wKyQRQpjJ0sIp62ErSZdGsjMJWsap5oRNihHhu6G7JVO/9jIB6UyevL+tXuOqrng8j/cxKTWyWUwvSTriiZz/g=="],

    "strip-ansi": ["strip-ansi@6.0.1", "", { "dependencies": { "ansi-regex": "^5.0.1" } }, "sha512-Y38VPSHcqkFrCpFnQ9vuSXmquuv5oXOKpGeT6aGrr3o3Gc9AlVa6JBfUSOCnbxGGZF+/0ooI7KrPuUSztUdU5A=="],

    "tslib": ["tslib@2.8.1", "", {}, "sha512-oJFu94HQb+KVduSUQL7wnpmqnfmLsOA/nAh6b6EH0wCEoK0/mPeXU6c3wKDV83MkOuHPRHtSXKKU99IBazS/2w=="],

    "typescript": ["typescript@5.8.2", "", { "bin": { "tsc": "bin/tsc", "tsserver": "bin/tsserver" } }, "sha512-aJn6wq13/afZp/jT9QZmwEjDqqvSGp1VT5GVg+f/t6/oVyrgXM6BY1h9BRh/O5p3PlUPAe+WuiEZOmb/49RqoQ=="],

    "undici-types": ["undici-types@6.20.0", "", {}, "sha512-Ny6QZ2Nju20vw1SRHe3d9jVu6gJ+4e3+MMpqu7pqE5HT6WsTSlce++GQmK5UXS8mzV8DSYHrQH+Xrf2jVcuKNg=="],

    "wrap-ansi": ["wrap-ansi@7.0.0", "", { "dependencies": { "ansi-styles": "^4.0.0", "string-width": "^4.1.0", "strip-ansi": "^6.0.0" } }, "sha512-YVGIj2kamLSTxw6NsZjoBxfSwsn0ycdesmc4p+Q21c5zPuZ1pl+NfxVdxPtdHvmNVOQ6XSYG4AUtyt/Fi7D16Q=="],

    "y18n": ["y18n@5.0.8", "", {}, "sha512-0pfFzegeDWJHJIAmTLRP2DwHjdF5s7jo9tuztdQxAhINCdvS+3nGINqPd00AphqJR/0LhANUS6/+7SCb98YOfA=="],

    "yargs": ["yargs@17.7.2", "", { "dependencies": { "cliui": "^8.0.1", "escalade": "^3.1.1", "get-caller-file": "^2.0.5", "require-directory": "^2.1.1", "string-width": "^4.2.3", "y18n": "^5.0.5", "yargs-parser": "^21.1.1" } }, "sha512-7dSzzRQ++CKnNI/krKnYRV7JKKPUXMEh61soaHKg9mrWEhzFWhFnxPxGl+69cD1Ou63C13NUPCnmIcrvqCuM6w=="],

    "yargs-parser": ["yargs-parser@21.1.1", "", {}, "sha512-tVpsJW7DdjecAiFpbIB1e3qxIQsE6NoPc5/eTdrbbIC4h0LVsWhnoa3g+m2HclBIujHzsxZ4VJVA+GUuc2/LBw=="],
  }
}
